
Microsoft Visual Studio Solution File, Format Version 12.00
# Visual Studio Version 16
VisualStudioVersion = 16.0.31424.327
MinimumVisualStudioVersion = 10.0.40219.1
Project("{FAE04EC0-301F-11D3-BF4B-00C04F79EFBC}") = "Travel.Android", "Travel.Android\Travel.Android.csproj", "{DC508FFE-57E6-4607-ACA5-260C92E70255}"
EndProject
Project("{FAE04EC0-301F-11D3-BF4B-00C04F79EFBC}") = "Travel.iOS", "Travel.iOS\Travel.iOS.csproj", "{8CEF1E6D-9928-434B-9D81-889560A76A89}"
EndProject
Project("{FAE04EC0-301F-11D3-BF4B-00C04F79EFBC}") = "Travel", "Travel\Travel.csproj", "{8FA1ACE3-4CC0-4191-BA08-694FAAEC2BCE}"
EndProject
Global
	GlobalSection(SolutionConfigurationPlatforms) = preSolution
		Debug|Any CPU = Debug|Any CPU
		Debug|iPhone = Debug|iPhone
		Debug|iPhoneSimulator = Debug|iPhoneSimulator
		Release|Any CPU = Release|Any CPU
		Release|iPhone = Release|iPhone
		Release|iPhoneSimulator = Release|iPhoneSimulator
	EndGlobalSection
	GlobalSection(ProjectConfigurationPlatforms) = postSolution
		{DC508FFE-57E6-4607-ACA5-260C92E70255}.Debug|Any CPU.ActiveCfg = Debug|Any CPU
		{DC508FFE-57E6-4607-ACA5-260C92E70255}.Debug|Any CPU.Build.0 = Debug|Any CPU
		{DC508FFE-57E6-4607-ACA5-260C92E70255}.Debug|Any CPU.Deploy.0 = Debug|Any CPU
		{DC508FFE-57E6-4607-ACA5-260C92E70255}.Debug|iPhone.ActiveCfg = Debug|Any CPU
		{DC508FFE-57E6-4607-ACA5-260C92E70255}.Debug|iPhone.Build.0 = Debug|Any CPU
		{DC508FFE-57E6-4607-ACA5-260C92E70255}.Debug|iPhone.Deploy.0 = Debug|Any CPU
		{DC508FFE-57E6-4607-ACA5-260C92E70255}.Debug|iPhoneSimulator.ActiveCfg = Debug|Any CPU
		{DC508FFE-57E6-4607-ACA5-260C92E70255}.Debug|iPhoneSimulator.Build.0 = Debug|Any CPU
		{DC508FFE-57E6-4607-ACA5-260C92E70255}.Debug|iPhoneSimulator.Deploy.0 = Debug|Any CPU
		{DC508FFE-57E6-4607-ACA5-260C92E70255}.Release|Any CPU.ActiveCfg = Release|Any CPU
		{DC508FFE-57E6-4607-ACA5-260C92E70255}.Release|Any CPU.Build.0 = Release|Any CPU
		{DC508FFE-57E6-4607-ACA5-260C92E70255}.Release|Any CPU.Deploy.0 = Release|Any CPU
		{DC508FFE-57E6-4607-ACA5-260C92E70255}.Release|iPhone.ActiveCfg = Release|Any CPU
		{DC508FFE-57E6-4607-ACA5-260C92E70255}.Release|iPhone.Build.0 = Release|Any CPU
		{DC508FFE-57E6-4607-ACA5-260C92E70255}.Release|iPhone.Deploy.0 = Release|Any CPU
		{DC508FFE-57E6-4607-ACA5-260C92E70255}.Release|iPhoneSimulator.ActiveCfg = Release|Any CPU
		{DC508FFE-57E6-4607-ACA5-260C92E70255}.Release|iPhoneSimulator.Build.0 = Release|Any CPU
		{DC508FFE-57E6-4607-ACA5-260C92E70255}.Release|iPhoneSimulator.Deploy.0 = Release|Any CPU
		{8CEF1E6D-9928-434B-9D81-889560A76A89}.Debug|Any CPU.ActiveCfg = Debug|iPhone
		{8CEF1E6D-9928-434B-9D81-889560A76A89}.Debug|Any CPU.Build.0 = Debug|iPhone
		{8CEF1E6D-9928-434B-9D81-889560A76A89}.Debug|Any CPU.Deploy.0 = Debug|iPhone
		{8CEF1E6D-9928-434B-9D81-889560A76A89}.Debug|iPhone.ActiveCfg = Debug|iPhone
		{8CEF1E6D-9928-434B-9D81-889560A76A89}.Debug|iPhone.Build.0 = Debug|iPhone
		{8CEF1E6D-9928-434B-9D81-889560A76A89}.Debug|iPhone.Deploy.0 = Debug|iPhone
		{8CEF1E6D-9928-434B-9D81-889560A76A89}.Debug|iPhoneSimulator.ActiveCfg = Debug|iPhoneSimulator
		{8CEF1E6D-9928-434B-9D81-889560A76A89}.Debug|iPhoneSimulator.Build.0 = Debug|iPhoneSimulator
		{8CEF1E6D-9928-434B-9D81-889560A76A89}.Debug|iPhoneSimulator.Deploy.0 = Debug|iPhoneSimulator
		{8CEF1E6D-9928-434B-9D81-889560A76A89}.Release|Any CPU.ActiveCfg = Release|iPhoneSimulator
		{8CEF1E6D-9928-434B-9D81-889560A76A89}.Release|Any CPU.Build.0 = Release|iPhoneSimulator
		{8CEF1E6D-9928-434B-9D81-889560A76A89}.Release|Any CPU.Deploy.0 = Release|iPhoneSimulator
		{8CEF1E6D-9928-434B-9D81-889560A76A89}.Release|iPhone.ActiveCfg = Release|iPhone
		{8CEF1E6D-9928-434B-9D81-889560A76A89}.Release|iPhone.Build.0 = Release|iPhone
		{8CEF1E6D-9928-434B-9D81-889560A76A89}.Release|iPhone.Deploy.0 = Release|iPhone
		{8CEF1E6D-9928-434B-9D81-889560A76A89}.Release|iPhoneSimulator.ActiveCfg = Release|iPhoneSimulator
		{8CEF1E6D-9928-434B-9D81-889560A76A89}.Release|iPhoneSimulator.Build.0 = Release|iPhoneSimulator
		{8CEF1E6D-9928-434B-9D81-889560A76A89}.Release|iPhoneSimulator.Deploy.0 = Release|iPhoneSimulator
		{8FA1ACE3-4CC0-4191-BA08-694FAAEC2BCE}.Debug|Any CPU.ActiveCfg = Debug|Any CPU
		{8FA1ACE3-4CC0-4191-BA08-694FAAEC2BCE}.Debug|Any CPU.Build.0 = Debug|Any CPU
		{8FA1ACE3-4CC0-4191-BA08-694FAAEC2BCE}.Debug|Any CPU.Deploy.0 = Debug|Any CPU
		{8FA1ACE3-4CC0-4191-BA08-694FAAEC2BCE}.Debug|iPhone.ActiveCfg = Debug|Any CPU
		{8FA1ACE3-4CC0-4191-BA08-694FAAEC2BCE}.Debug|iPhone.Build.0 = Debug|Any CPU
		{8FA1ACE3-4CC0-4191-BA08-694FAAEC2BCE}.Debug|iPhone.Deploy.0 = Debug|Any CPU
		{8FA1ACE3-4CC0-4191-BA08-694FAAEC2BCE}.Debug|iPhoneSimulator.ActiveCfg = Debug|Any CPU
		{8FA1ACE3-4CC0-4191-BA08-694FAAEC2BCE}.Debug|iPhoneSimulator.Build.0 = Debug|Any CPU
		{8FA1ACE3-4CC0-4191-BA08-694FAAEC2BCE}.Debug|iPhoneSimulator.Deploy.0 = Debug|Any CPU
		{8FA1ACE3-4CC0-4191-BA08-694FAAEC2BCE}.Release|Any CPU.ActiveCfg = Release|Any CPU
		{8FA1ACE3-4CC0-4191-BA08-694FAAEC2BCE}.Release|Any CPU.Build.0 = Release|Any CPU
		{8FA1ACE3-4CC0-4191-BA08-694FAAEC2BCE}.Release|Any CPU.Deploy.0 = Release|Any CPU
		{8FA1ACE3-4CC0-4191-BA08-694FAAEC2BCE}.Release|iPhone.ActiveCfg = Release|Any CPU
		{8FA1ACE3-4CC0-4191-BA08-694FAAEC2BCE}.Release|iPhone.Build.0 = Release|Any CPU
		{8FA1ACE3-4CC0-4191-BA08-694FAAEC2BCE}.Release|iPhone.Deploy.0 = Release|Any CPU
		{8FA1ACE3-4CC0-4191-BA08-694FAAEC2BCE}.Release|iPhoneSimulator.ActiveCfg = Release|Any CPU
		{8FA1ACE3-4CC0-4191-BA08-694FAAEC2BCE}.Release|iPhoneSimulator.Build.0 = Release|Any CPU
		{8FA1ACE3-4CC0-4191-BA08-694FAAEC2BCE}.Release|iPhoneSimulator.Deploy.0 = Release|Any CPU
	EndGlobalSection
	GlobalSection(SolutionProperties) = preSolution
		HideSolutionNode = FALSE
	EndGlobalSection
	GlobalSection(ExtensibilityGlobals) = postSolution
		SolutionGuid = {D60AEFD7-A1E3-4CE8-85F4-ADBEF643EE17}
	EndGlobalSection
EndGlobal
